
Microsoft Visual Studio Solution File, Format Version 12.00
# Visual Studio Version 16
VisualStudioVersion = 16.0.30804.86
MinimumVisualStudioVersion = 10.0.40219.1
Project("{FAE04EC0-301F-11D3-BF4B-00C04F79EFBC}") = "BookLoanWorkerServiceApp", "BookLoanWorkerServiceApp\BookLoanWorkerServiceApp.csproj", "{B78D9184-9E76-4679-BBC9-C32EDF5C5811}"
EndProject
Global
	GlobalSection(SolutionConfigurationPlatforms) = preSolution
		Debug|Any CPU = Debug|Any CPU
		Release|Any CPU = Release|Any CPU
	EndGlobalSection
	GlobalSection(ProjectConfigurationPlatforms) = postSolution
		{B78D9184-9E76-4679-BBC9-C32EDF5C5811}.Debug|Any CPU.ActiveCfg = Debug|Any CPU
		{B78D9184-9E76-4679-BBC9-C32EDF5C5811}.Debug|Any CPU.Build.0 = Debug|Any CPU
		{B78D9184-9E76-4679-BBC9-C32EDF5C5811}.Release|Any CPU.ActiveCfg = Release|Any CPU
		{B78D9184-9E76-4679-BBC9-C32EDF5C5811}.Release|Any CPU.Build.0 = Release|Any CPU
	EndGlobalSection
	GlobalSection(SolutionProperties) = preSolution
		HideSolutionNode = FALSE
	EndGlobalSection
	GlobalSection(ExtensibilityGlobals) = postSolution
		SolutionGuid = {AF271A1B-7EFB-456A-A24E-46C22ED0AA1F}
	EndGlobalSection
EndGlobal
