
Microsoft Visual Studio Solution File, Format Version 12.00
# Visual Studio Version 16
VisualStudioVersion = 16.0.30804.86
MinimumVisualStudioVersion = 10.0.40219.1
Project("{FAE04EC0-301F-11D3-BF4B-00C04F79EFBC}") = "BookLoanDurableChainFunctionApp", "BookLoanDurableChainFunctionApp\BookLoanDurableChainFunctionApp.csproj", "{6C8366CA-17BD-40EE-8BF2-0E1B37831F6B}"
EndProject
Global
	GlobalSection(SolutionConfigurationPlatforms) = preSolution
		Debug|Any CPU = Debug|Any CPU
		Release|Any CPU = Release|Any CPU
	EndGlobalSection
	GlobalSection(ProjectConfigurationPlatforms) = postSolution
		{6C8366CA-17BD-40EE-8BF2-0E1B37831F6B}.Debug|Any CPU.ActiveCfg = Debug|Any CPU
		{6C8366CA-17BD-40EE-8BF2-0E1B37831F6B}.Debug|Any CPU.Build.0 = Debug|Any CPU
		{6C8366CA-17BD-40EE-8BF2-0E1B37831F6B}.Release|Any CPU.ActiveCfg = Release|Any CPU
		{6C8366CA-17BD-40EE-8BF2-0E1B37831F6B}.Release|Any CPU.Build.0 = Release|Any CPU
	EndGlobalSection
	GlobalSection(SolutionProperties) = preSolution
		HideSolutionNode = FALSE
	EndGlobalSection
	GlobalSection(ExtensibilityGlobals) = postSolution
		SolutionGuid = {906804FF-6B42-46E9-A8A7-3B929C1C162C}
	EndGlobalSection
EndGlobal
