
Microsoft Visual Studio Solution File, Format Version 12.00
# Visual Studio Version 16
VisualStudioVersion = 16.0.30804.86
MinimumVisualStudioVersion = 10.0.40219.1
Project("{FAE04EC0-301F-11D3-BF4B-00C04F79EFBC}") = "BookLoanEventHubSenderConsoleApp", "BookLoanEventHubSenderConsoleApp\BookLoanEventHubSenderConsoleApp.csproj", "{8BB1C3E6-594A-48A1-86B0-BAD9B33F5BC2}"
EndProject
Global
	GlobalSection(SolutionConfigurationPlatforms) = preSolution
		Debug|Any CPU = Debug|Any CPU
		Release|Any CPU = Release|Any CPU
	EndGlobalSection
	GlobalSection(ProjectConfigurationPlatforms) = postSolution
		{8BB1C3E6-594A-48A1-86B0-BAD9B33F5BC2}.Debug|Any CPU.ActiveCfg = Debug|Any CPU
		{8BB1C3E6-594A-48A1-86B0-BAD9B33F5BC2}.Debug|Any CPU.Build.0 = Debug|Any CPU
		{8BB1C3E6-594A-48A1-86B0-BAD9B33F5BC2}.Release|Any CPU.ActiveCfg = Release|Any CPU
		{8BB1C3E6-594A-48A1-86B0-BAD9B33F5BC2}.Release|Any CPU.Build.0 = Release|Any CPU
	EndGlobalSection
	GlobalSection(SolutionProperties) = preSolution
		HideSolutionNode = FALSE
	EndGlobalSection
	GlobalSection(ExtensibilityGlobals) = postSolution
		SolutionGuid = {532DBFBE-D162-42F8-923E-FE3A2749F12A}
	EndGlobalSection
EndGlobal
